
Microsoft Visual Studio Solution File, Format Version 12.00
# Visual Studio Version 16
VisualStudioVersion = 16.0.29503.13
MinimumVisualStudioVersion = 10.0.40219.1
Project("{FAE04EC0-301F-11D3-BF4B-00C04F79EFBC}") = "CS460_Hwk08", "CS460_Hwk08.csproj", "{2EA0250C-CEDE-4BC4-AD30-504F230A272E}"
EndProject
Global
	GlobalSection(SolutionConfigurationPlatforms) = preSolution
		Debug|Any CPU = Debug|Any CPU
		Release|Any CPU = Release|Any CPU
	EndGlobalSection
	GlobalSection(ProjectConfigurationPlatforms) = postSolution
		{2EA0250C-CEDE-4BC4-AD30-504F230A272E}.Debug|Any CPU.ActiveCfg = Debug|Any CPU
		{2EA0250C-CEDE-4BC4-AD30-504F230A272E}.Debug|Any CPU.Build.0 = Debug|Any CPU
		{2EA0250C-CEDE-4BC4-AD30-504F230A272E}.Release|Any CPU.ActiveCfg = Release|Any CPU
		{2EA0250C-CEDE-4BC4-AD30-504F230A272E}.Release|Any CPU.Build.0 = Release|Any CPU
	EndGlobalSection
	GlobalSection(SolutionProperties) = preSolution
		HideSolutionNode = FALSE
	EndGlobalSection
	GlobalSection(ExtensibilityGlobals) = postSolution
		SolutionGuid = {1C164479-D5C3-4130-A63F-AE6F4C4D87A9}
	EndGlobalSection
EndGlobal
